
Microsoft Visual Studio Solution File, Format Version 12.00
# Visual Studio Version 17
VisualStudioVersion = 17.12.35521.163 d17.12
MinimumVisualStudioVersion = 10.0.40219.1
Project("{FAE04EC0-301F-11D3-BF4B-00C04F79EFBC}") = "HelloDelegates", "HelloDelegates\HelloDelegates.csproj", "{305D0ED3-F893-4A60-A13C-863D71C2F734}"
EndProject
Project("{2150E333-8FDC-42A3-9474-1A3956D46DE8}") = "M003_DelegateEvents", "M003_DelegateEvents", "{2A78DD1B-E645-4D44-A427-E78115F7F020}"
EndProject
Project("{FAE04EC0-301F-11D3-BF4B-00C04F79EFBC}") = "HelloEvents", "HelloEvents\HelloEvents.csproj", "{39EC9745-61F6-48F6-A16F-B283A444CB09}"
EndProject
Project("{FAE04EC0-301F-11D3-BF4B-00C04F79EFBC}") = "Lab3Delegates", "Lab3Delegates\Lab3Delegates.csproj", "{EB00A40B-608E-4876-BF3C-9FFFEC3E1D26}"
EndProject
Project("{2150E333-8FDC-42A3-9474-1A3956D46DE8}") = "M004_Generics", "M004_Generics", "{5809BB0C-F631-4BA1-8A77-514CC5AA065F}"
EndProject
Project("{FAE04EC0-301F-11D3-BF4B-00C04F79EFBC}") = "HelloGenerics", "HelloGenerics\HelloGenerics.csproj", "{B96577CE-4302-4248-BDDE-C2800D2C9DB3}"
EndProject
Project("{FAE04EC0-301F-11D3-BF4B-00C04F79EFBC}") = "Lab4SolarSystem", "Lab4SolarSystem\Lab4SolarSystem.csproj", "{C0A0B6FC-3842-4676-B448-63E6C3446C6E}"
EndProject
Project("{2150E333-8FDC-42A3-9474-1A3956D46DE8}") = "M005_Serialization", "M005_Serialization", "{4B238A3D-3D81-4FA7-977F-91C7621D02E8}"
EndProject
Project("{FAE04EC0-301F-11D3-BF4B-00C04F79EFBC}") = "Serialization", "Serialization\Serialization.csproj", "{7661D2A7-76E5-439C-8ADB-C219D9FE6FC6}"
EndProject
Project("{FAE04EC0-301F-11D3-BF4B-00C04F79EFBC}") = "Lab5SolarSystem", "Lab5SolarSystem\Lab5SolarSystem.csproj", "{D854123C-8271-44E7-9446-FCAA9B54593A}"
EndProject
Global
	GlobalSection(SolutionConfigurationPlatforms) = preSolution
		Debug|Any CPU = Debug|Any CPU
		Release|Any CPU = Release|Any CPU
	EndGlobalSection
	GlobalSection(ProjectConfigurationPlatforms) = postSolution
		{305D0ED3-F893-4A60-A13C-863D71C2F734}.Debug|Any CPU.ActiveCfg = Debug|Any CPU
		{305D0ED3-F893-4A60-A13C-863D71C2F734}.Debug|Any CPU.Build.0 = Debug|Any CPU
		{305D0ED3-F893-4A60-A13C-863D71C2F734}.Release|Any CPU.ActiveCfg = Release|Any CPU
		{305D0ED3-F893-4A60-A13C-863D71C2F734}.Release|Any CPU.Build.0 = Release|Any CPU
		{39EC9745-61F6-48F6-A16F-B283A444CB09}.Debug|Any CPU.ActiveCfg = Debug|Any CPU
		{39EC9745-61F6-48F6-A16F-B283A444CB09}.Debug|Any CPU.Build.0 = Debug|Any CPU
		{39EC9745-61F6-48F6-A16F-B283A444CB09}.Release|Any CPU.ActiveCfg = Release|Any CPU
		{39EC9745-61F6-48F6-A16F-B283A444CB09}.Release|Any CPU.Build.0 = Release|Any CPU
		{EB00A40B-608E-4876-BF3C-9FFFEC3E1D26}.Debug|Any CPU.ActiveCfg = Debug|Any CPU
		{EB00A40B-608E-4876-BF3C-9FFFEC3E1D26}.Debug|Any CPU.Build.0 = Debug|Any CPU
		{EB00A40B-608E-4876-BF3C-9FFFEC3E1D26}.Release|Any CPU.ActiveCfg = Release|Any CPU
		{EB00A40B-608E-4876-BF3C-9FFFEC3E1D26}.Release|Any CPU.Build.0 = Release|Any CPU
		{B96577CE-4302-4248-BDDE-C2800D2C9DB3}.Debug|Any CPU.ActiveCfg = Debug|Any CPU
		{B96577CE-4302-4248-BDDE-C2800D2C9DB3}.Debug|Any CPU.Build.0 = Debug|Any CPU
		{B96577CE-4302-4248-BDDE-C2800D2C9DB3}.Release|Any CPU.ActiveCfg = Release|Any CPU
		{B96577CE-4302-4248-BDDE-C2800D2C9DB3}.Release|Any CPU.Build.0 = Release|Any CPU
		{C0A0B6FC-3842-4676-B448-63E6C3446C6E}.Debug|Any CPU.ActiveCfg = Debug|Any CPU
		{C0A0B6FC-3842-4676-B448-63E6C3446C6E}.Debug|Any CPU.Build.0 = Debug|Any CPU
		{C0A0B6FC-3842-4676-B448-63E6C3446C6E}.Release|Any CPU.ActiveCfg = Release|Any CPU
		{C0A0B6FC-3842-4676-B448-63E6C3446C6E}.Release|Any CPU.Build.0 = Release|Any CPU
		{7661D2A7-76E5-439C-8ADB-C219D9FE6FC6}.Debug|Any CPU.ActiveCfg = Debug|Any CPU
		{7661D2A7-76E5-439C-8ADB-C219D9FE6FC6}.Debug|Any CPU.Build.0 = Debug|Any CPU
		{7661D2A7-76E5-439C-8ADB-C219D9FE6FC6}.Release|Any CPU.ActiveCfg = Release|Any CPU
		{7661D2A7-76E5-439C-8ADB-C219D9FE6FC6}.Release|Any CPU.Build.0 = Release|Any CPU
		{D854123C-8271-44E7-9446-FCAA9B54593A}.Debug|Any CPU.ActiveCfg = Debug|Any CPU
		{D854123C-8271-44E7-9446-FCAA9B54593A}.Debug|Any CPU.Build.0 = Debug|Any CPU
		{D854123C-8271-44E7-9446-FCAA9B54593A}.Release|Any CPU.ActiveCfg = Release|Any CPU
		{D854123C-8271-44E7-9446-FCAA9B54593A}.Release|Any CPU.Build.0 = Release|Any CPU
	EndGlobalSection
	GlobalSection(SolutionProperties) = preSolution
		HideSolutionNode = FALSE
	EndGlobalSection
	GlobalSection(NestedProjects) = preSolution
		{305D0ED3-F893-4A60-A13C-863D71C2F734} = {2A78DD1B-E645-4D44-A427-E78115F7F020}
		{39EC9745-61F6-48F6-A16F-B283A444CB09} = {2A78DD1B-E645-4D44-A427-E78115F7F020}
		{EB00A40B-608E-4876-BF3C-9FFFEC3E1D26} = {2A78DD1B-E645-4D44-A427-E78115F7F020}
		{B96577CE-4302-4248-BDDE-C2800D2C9DB3} = {5809BB0C-F631-4BA1-8A77-514CC5AA065F}
		{C0A0B6FC-3842-4676-B448-63E6C3446C6E} = {5809BB0C-F631-4BA1-8A77-514CC5AA065F}
		{7661D2A7-76E5-439C-8ADB-C219D9FE6FC6} = {4B238A3D-3D81-4FA7-977F-91C7621D02E8}
		{D854123C-8271-44E7-9446-FCAA9B54593A} = {4B238A3D-3D81-4FA7-977F-91C7621D02E8}
	EndGlobalSection
EndGlobal
